
Microsoft Visual Studio Solution File, Format Version 12.00
# Visual Studio 15
VisualStudioVersion = 15.0.28307.779
MinimumVisualStudioVersion = 10.0.40219.1
Project("{FAE04EC0-301F-11D3-BF4B-00C04F79EFBC}") = "Macskapp", "Macskapp\Macskapp.csproj", "{270AF691-7DE3-4D98-94E7-0130166C4DAA}"
EndProject
Project("{FAE04EC0-301F-11D3-BF4B-00C04F79EFBC}") = "Calculator", "Calculator\Calculator.csproj", "{A3CA43D5-EFBD-4BEA-B9C6-4A11AC8C56B8}"
EndProject
Global
	GlobalSection(SolutionConfigurationPlatforms) = preSolution
		Debug|Any CPU = Debug|Any CPU
		Release|Any CPU = Release|Any CPU
	EndGlobalSection
	GlobalSection(ProjectConfigurationPlatforms) = postSolution
		{270AF691-7DE3-4D98-94E7-0130166C4DAA}.Debug|Any CPU.ActiveCfg = Debug|Any CPU
		{270AF691-7DE3-4D98-94E7-0130166C4DAA}.Debug|Any CPU.Build.0 = Debug|Any CPU
		{270AF691-7DE3-4D98-94E7-0130166C4DAA}.Release|Any CPU.ActiveCfg = Release|Any CPU
		{270AF691-7DE3-4D98-94E7-0130166C4DAA}.Release|Any CPU.Build.0 = Release|Any CPU
		{A3CA43D5-EFBD-4BEA-B9C6-4A11AC8C56B8}.Debug|Any CPU.ActiveCfg = Debug|Any CPU
		{A3CA43D5-EFBD-4BEA-B9C6-4A11AC8C56B8}.Debug|Any CPU.Build.0 = Debug|Any CPU
		{A3CA43D5-EFBD-4BEA-B9C6-4A11AC8C56B8}.Release|Any CPU.ActiveCfg = Release|Any CPU
		{A3CA43D5-EFBD-4BEA-B9C6-4A11AC8C56B8}.Release|Any CPU.Build.0 = Release|Any CPU
	EndGlobalSection
	GlobalSection(SolutionProperties) = preSolution
		HideSolutionNode = FALSE
	EndGlobalSection
	GlobalSection(ExtensibilityGlobals) = postSolution
		SolutionGuid = {9D82183D-0015-4A2C-A7CD-965A2097AB03}
	EndGlobalSection
EndGlobal
